
Microsoft Visual Studio Solution File, Format Version 12.00
# Visual Studio Version 17
VisualStudioVersion = 17.5.33516.290
MinimumVisualStudioVersion = 10.0.40219.1
Project("{FAE04EC0-301F-11D3-BF4B-00C04F79EFBC}") = "KiBoards.Management", "KiBoards.Management\KiBoards.Management.csproj", "{7E44E8A5-DE7D-331E-D4CF-D30691F1A5CC}"
EndProject
Project("{FAE04EC0-301F-11D3-BF4B-00C04F79EFBC}") = "KiBoards.Management.Cli", "KiBoards.Management.Cli\KiBoards.Management.Cli.csproj", "{4DA91FDB-0E2E-73FD-94B6-646377D4669A}"
EndProject
Global
	GlobalSection(SolutionConfigurationPlatforms) = preSolution
		Debug|Any CPU = Debug|Any CPU
		Release|Any CPU = Release|Any CPU
	EndGlobalSection
	GlobalSection(ProjectConfigurationPlatforms) = postSolution
		{7E44E8A5-DE7D-331E-D4CF-D30691F1A5CC}.Debug|Any CPU.ActiveCfg = Debug|Any CPU
		{7E44E8A5-DE7D-331E-D4CF-D30691F1A5CC}.Debug|Any CPU.Build.0 = Debug|Any CPU
		{7E44E8A5-DE7D-331E-D4CF-D30691F1A5CC}.Release|Any CPU.ActiveCfg = Release|Any CPU
		{7E44E8A5-DE7D-331E-D4CF-D30691F1A5CC}.Release|Any CPU.Build.0 = Release|Any CPU
		{4DA91FDB-0E2E-73FD-94B6-646377D4669A}.Debug|Any CPU.ActiveCfg = Debug|Any CPU
		{4DA91FDB-0E2E-73FD-94B6-646377D4669A}.Debug|Any CPU.Build.0 = Debug|Any CPU
		{4DA91FDB-0E2E-73FD-94B6-646377D4669A}.Release|Any CPU.ActiveCfg = Release|Any CPU
		{4DA91FDB-0E2E-73FD-94B6-646377D4669A}.Release|Any CPU.Build.0 = Release|Any CPU
	EndGlobalSection
	GlobalSection(SolutionProperties) = preSolution
		HideSolutionNode = FALSE
	EndGlobalSection
	GlobalSection(ExtensibilityGlobals) = postSolution
		SolutionGuid = {F7A87B3B-2908-4E34-AC90-13E68B977B90}
	EndGlobalSection
EndGlobal
