
Microsoft Visual Studio Solution File, Format Version 12.00
# Visual Studio Version 17
VisualStudioVersion = 17.4.33403.182
MinimumVisualStudioVersion = 10.0.40219.1
Project("{9A19103F-16F7-4668-BE54-9A1E7A4F7556}") = "KiBoards", "KiBoards\KiBoards.csproj", "{D31388FE-9673-4EE3-AF2E-78C26201BE38}"
EndProject
Project("{FAE04EC0-301F-11D3-BF4B-00C04F79EFBC}") = "KiBoards.Xunit", "KiBoards.Xunit\KiBoards.Xunit.csproj", "{C0FC409D-82CF-481E-A759-45A57BA215E1}"
EndProject
Global
	GlobalSection(SolutionConfigurationPlatforms) = preSolution
		Debug|Any CPU = Debug|Any CPU
		Release|Any CPU = Release|Any CPU
	EndGlobalSection
	GlobalSection(ProjectConfigurationPlatforms) = postSolution
		{D31388FE-9673-4EE3-AF2E-78C26201BE38}.Debug|Any CPU.ActiveCfg = Debug|Any CPU
		{D31388FE-9673-4EE3-AF2E-78C26201BE38}.Debug|Any CPU.Build.0 = Debug|Any CPU
		{D31388FE-9673-4EE3-AF2E-78C26201BE38}.Release|Any CPU.ActiveCfg = Release|Any CPU
		{D31388FE-9673-4EE3-AF2E-78C26201BE38}.Release|Any CPU.Build.0 = Release|Any CPU
		{C0FC409D-82CF-481E-A759-45A57BA215E1}.Debug|Any CPU.ActiveCfg = Debug|Any CPU
		{C0FC409D-82CF-481E-A759-45A57BA215E1}.Debug|Any CPU.Build.0 = Debug|Any CPU
		{C0FC409D-82CF-481E-A759-45A57BA215E1}.Release|Any CPU.ActiveCfg = Release|Any CPU
		{C0FC409D-82CF-481E-A759-45A57BA215E1}.Release|Any CPU.Build.0 = Release|Any CPU
	EndGlobalSection
	GlobalSection(SolutionProperties) = preSolution
		HideSolutionNode = FALSE
	EndGlobalSection
	GlobalSection(ExtensibilityGlobals) = postSolution
		SolutionGuid = {082DE7A4-3EA7-435D-9C4A-034151F8E5D2}
	EndGlobalSection
EndGlobal
